
Microsoft Visual Studio Solution File, Format Version 12.00
# Visual Studio Version 16
VisualStudioVersion = 16.0.808.7
MinimumVisualStudioVersion = 10.0.40219.1
Project("{FAE04EC0-301F-11D3-BF4B-00C04F79EFBC}") = "Assignment5", "Assignment5\Assignment5.csproj", "{066C6B9B-F319-4F25-9092-DB76EE925FAB}"
EndProject
Global
	GlobalSection(SolutionConfigurationPlatforms) = preSolution
		Debug|Any CPU = Debug|Any CPU
		Release|Any CPU = Release|Any CPU
	EndGlobalSection
	GlobalSection(ProjectConfigurationPlatforms) = postSolution
		{066C6B9B-F319-4F25-9092-DB76EE925FAB}.Debug|Any CPU.ActiveCfg = Debug|Any CPU
		{066C6B9B-F319-4F25-9092-DB76EE925FAB}.Debug|Any CPU.Build.0 = Debug|Any CPU
		{066C6B9B-F319-4F25-9092-DB76EE925FAB}.Release|Any CPU.ActiveCfg = Release|Any CPU
		{066C6B9B-F319-4F25-9092-DB76EE925FAB}.Release|Any CPU.Build.0 = Release|Any CPU
	EndGlobalSection
	GlobalSection(SolutionProperties) = preSolution
		HideSolutionNode = FALSE
	EndGlobalSection
	GlobalSection(ExtensibilityGlobals) = postSolution
		SolutionGuid = {04311896-4889-48A2-8237-81EA6300ED8D}
	EndGlobalSection
EndGlobal
